// !$*UTF8*$!
{
	archiveVersion = 1;
	classes = {
	};
	objectVersion = 50;
	objects = {

/* Begin PBXBuildFile section */
		C83B959826279A870020F263 /* AppDelegate.swift in Sources */ = {isa = PBXBuildFile; fileRef = C83B959726279A870020F263 /* AppDelegate.swift */; };
		C83B959A26279A870020F263 /* SceneDelegate.swift in Sources */ = {isa = PBXBuildFile; fileRef = C83B959926279A870020F263 /* SceneDelegate.swift */; };
		C83B959C26279A870020F263 /* ViewController.swift in Sources */ = {isa = PBXBuildFile; fileRef = C83B959B26279A870020F263 /* ViewController.swift */; };
		C83B959F26279A870020F263 /* Main.storyboard in Resources */ = {isa = PBXBuildFile; fileRef = C83B959D26279A870020F263 /* Main.storyboard */; };
		C83B95A126279A890020F263 /* Assets.xcassets in Resources */ = {isa = PBXBuildFile; fileRef = C83B95A026279A890020F263 /* Assets.xcassets */; };
		C83B95A426279A890020F263 /* LaunchScreen.storyboard in Resources */ = {isa = PBXBuildFile; fileRef = C83B95A226279A890020F263 /* LaunchScreen.storyboard */; };
		C83B95AF26279A8A0020F263 /* RickAndMortyTests.swift in Sources */ = {isa = PBXBuildFile; fileRef = C83B95AE26279A8A0020F263 /* RickAndMortyTests.swift */; };
		C83B95BA26279A8A0020F263 /* RickAndMortyUITests.swift in Sources */ = {isa = PBXBuildFile; fileRef = C83B95B926279A8A0020F263 /* RickAndMortyUITests.swift */; };
		C83B95CE26279FC40020F263 /* API.swift in Sources */ = {isa = PBXBuildFile; fileRef = C83B95CD26279FC40020F263 /* API.swift */; };
/* End PBXBuildFile section */

/* Begin PBXContainerItemProxy section */
		C83B95AB26279A8A0020F263 /* PBXContainerItemProxy */ = {
			isa = PBXContainerItemProxy;
			containerPortal = C83B958C26279A870020F263 /* Project object */;
			proxyType = 1;
			remoteGlobalIDString = C83B959326279A870020F263;
			remoteInfo = RickAndMorty;
		};
		C83B95B626279A8A0020F263 /* PBXContainerItemProxy */ = {
			isa = PBXContainerItemProxy;
			containerPortal = C83B958C26279A870020F263 /* Project object */;
			proxyType = 1;
			remoteGlobalIDString = C83B959326279A870020F263;
			remoteInfo = RickAndMorty;
		};
/* End PBXContainerItemProxy section */

/* Begin PBXFileReference section */
		C83B959426279A870020F263 /* RickAndMorty.app */ = {isa = PBXFileReference; explicitFileType = wrapper.application; includeInIndex = 0; path = RickAndMorty.app; sourceTree = BUILT_PRODUCTS_DIR; };
		C83B959726279A870020F263 /* AppDelegate.swift */ = {isa = PBXFileReference; lastKnownFileType = sourcecode.swift; path = AppDelegate.swift; sourceTree = "<group>"; };
		C83B959926279A870020F263 /* SceneDelegate.swift */ = {isa = PBXFileReference; lastKnownFileType = sourcecode.swift; path = SceneDelegate.swift; sourceTree = "<group>"; };
		C83B959B26279A870020F263 /* ViewController.swift */ = {isa = PBXFileReference; lastKnownFileType = sourcecode.swift; path = ViewController.swift; sourceTree = "<group>"; };
		C83B959E26279A870020F263 /* Base */ = {isa = PBXFileReference; lastKnownFileType = file.storyboard; name = Base; path = Base.lproj/Main.storyboard; sourceTree = "<group>"; };
		C83B95A026279A890020F263 /* Assets.xcassets */ = {isa = PBXFileReference; lastKnownFileType = folder.assetcatalog; path = Assets.xcassets; sourceTree = "<group>"; };
		C83B95A326279A890020F263 /* Base */ = {isa = PBXFileReference; lastKnownFileType = file.storyboard; name = Base; path = Base.lproj/LaunchScreen.storyboard; sourceTree = "<group>"; };
		C83B95A526279A890020F263 /* Info.plist */ = {isa = PBXFileReference; lastKnownFileType = text.plist.xml; path = Info.plist; sourceTree = "<group>"; };
		C83B95AA26279A8A0020F263 /* RickAndMortyTests.xctest */ = {isa = PBXFileReference; explicitFileType = wrapper.cfbundle; includeInIndex = 0; path = RickAndMortyTests.xctest; sourceTree = BUILT_PRODUCTS_DIR; };
		C83B95AE26279A8A0020F263 /* RickAndMortyTests.swift */ = {isa = PBXFileReference; lastKnownFileType = sourcecode.swift; path = RickAndMortyTests.swift; sourceTree = "<group>"; };
		C83B95B026279A8A0020F263 /* Info.plist */ = {isa = PBXFileReference; lastKnownFileType = text.plist.xml; path = Info.plist; sourceTree = "<group>"; };
		C83B95B526279A8A0020F263 /* RickAndMortyUITests.xctest */ = {isa = PBXFileReference; explicitFileType = wrapper.cfbundle; includeInIndex = 0; path = RickAndMortyUITests.xctest; sourceTree = BUILT_PRODUCTS_DIR; };
		C83B95B926279A8A0020F263 /* RickAndMortyUITests.swift */ = {isa = PBXFileReference; lastKnownFileType = sourcecode.swift; path = RickAndMortyUITests.swift; sourceTree = "<group>"; };
		C83B95BB26279A8A0020F263 /* Info.plist */ = {isa = PBXFileReference; lastKnownFileType = text.plist.xml; path = Info.plist; sourceTree = "<group>"; };
		C83B95CD26279FC40020F263 /* API.swift */ = {isa = PBXFileReference; lastKnownFileType = sourcecode.swift; path = API.swift; sourceTree = "<group>"; };
/* End PBXFileReference section */

/* Begin PBXFrameworksBuildPhase section */
		C83B959126279A870020F263 /* Frameworks */ = {
			isa = PBXFrameworksBuildPhase;
			buildActionMask = 2147483647;
			files = (
			);
			runOnlyForDeploymentPostprocessing = 0;
		};
		C83B95A726279A8A0020F263 /* Frameworks */ = {
			isa = PBXFrameworksBuildPhase;
			buildActionMask = 2147483647;
			files = (
			);
			runOnlyForDeploymentPostprocessing = 0;
		};
		C83B95B226279A8A0020F263 /* Frameworks */ = {
			isa = PBXFrameworksBuildPhase;
			buildActionMask = 2147483647;
			files = (
			);
			runOnlyForDeploymentPostprocessing = 0;
		};
/* End PBXFrameworksBuildPhase section */

/* Begin PBXGroup section */
		C83B958B26279A870020F263 = {
			isa = PBXGroup;
			children = (
				C83B959626279A870020F263 /* RickAndMorty */,
				C83B95AD26279A8A0020F263 /* RickAndMortyTests */,
				C83B95B826279A8A0020F263 /* RickAndMortyUITests */,
				C83B959526279A870020F263 /* Products */,
			);
			sourceTree = "<group>";
		};
		C83B959526279A870020F263 /* Products */ = {
			isa = PBXGroup;
			children = (
				C83B959426279A870020F263 /* RickAndMorty.app */,
				C83B95AA26279A8A0020F263 /* RickAndMortyTests.xctest */,
				C83B95B526279A8A0020F263 /* RickAndMortyUITests.xctest */,
			);
			name = Products;
			sourceTree = "<group>";
		};
		C83B959626279A870020F263 /* RickAndMorty */ = {
			isa = PBXGroup;
			children = (
				C83B95CC26279FB40020F263 /* Networking */,
				C83B95CB26279F910020F263 /* ViewControllers */,
				C83B959726279A870020F263 /* AppDelegate.swift */,
				C83B959926279A870020F263 /* SceneDelegate.swift */,
				C83B959D26279A870020F263 /* Main.storyboard */,
				C83B95A026279A890020F263 /* Assets.xcassets */,
				C83B95A226279A890020F263 /* LaunchScreen.storyboard */,
				C83B95A526279A890020F263 /* Info.plist */,
			);
			path = RickAndMorty;
			sourceTree = "<group>";
		};
		C83B95AD26279A8A0020F263 /* RickAndMortyTests */ = {
			isa = PBXGroup;
			children = (
				C83B95AE26279A8A0020F263 /* RickAndMortyTests.swift */,
				C83B95B026279A8A0020F263 /* Info.plist */,
			);
			path = RickAndMortyTests;
			sourceTree = "<group>";
		};
		C83B95B826279A8A0020F263 /* RickAndMortyUITests */ = {
			isa = PBXGroup;
			children = (
				C83B95B926279A8A0020F263 /* RickAndMortyUITests.swift */,
				C83B95BB26279A8A0020F263 /* Info.plist */,
			);
			path = RickAndMortyUITests;
			sourceTree = "<group>";
		};
		C83B95CB26279F910020F263 /* ViewControllers */ = {
			isa = PBXGroup;
			children = (
				C83B959B26279A870020F263 /* ViewController.swift */,
			);
			path = ViewControllers;
			sourceTree = "<group>";
		};
		C83B95CC26279FB40020F263 /* Networking */ = {
			isa = PBXGroup;
			children = (
				C83B95CD26279FC40020F263 /* API.swift */,
			);
			path = Networking;
			sourceTree = "<group>";
		};
/* End PBXGroup section */

/* Begin PBXNativeTarget section */
		C83B959326279A870020F263 /* RickAndMorty */ = {
			isa = PBXNativeTarget;
			buildConfigurationList = C83B95BE26279A8A0020F263 /* Build configuration list for PBXNativeTarget "RickAndMorty" */;
			buildPhases = (
				C83B959026279A870020F263 /* Sources */,
				C83B959126279A870020F263 /* Frameworks */,
				C83B959226279A870020F263 /* Resources */,
			);
			buildRules = (
			);
			dependencies = (
			);
			name = RickAndMorty;
			productName = RickAndMorty;
			productReference = C83B959426279A870020F263 /* RickAndMorty.app */;
			productType = "com.apple.product-type.application";
		};
		C83B95A926279A8A0020F263 /* RickAndMortyTests */ = {
			isa = PBXNativeTarget;
			buildConfigurationList = C83B95C126279A8A0020F263 /* Build configuration list for PBXNativeTarget "RickAndMortyTests" */;
			buildPhases = (
				C83B95A626279A8A0020F263 /* Sources */,
				C83B95A726279A8A0020F263 /* Frameworks */,
				C83B95A826279A8A0020F263 /* Resources */,
			);
			buildRules = (
			);
			dependencies = (
				C83B95AC26279A8A0020F263 /* PBXTargetDependency */,
			);
			name = RickAndMortyTests;
			productName = RickAndMortyTests;
			productReference = C83B95AA26279A8A0020F263 /* RickAndMortyTests.xctest */;
			productType = "com.apple.product-type.bundle.unit-test";
		};
		C83B95B426279A8A0020F263 /* RickAndMortyUITests */ = {
			isa = PBXNativeTarget;
			buildConfigurationList = C83B95C426279A8A0020F263 /* Build configuration list for PBXNativeTarget "RickAndMortyUITests" */;
			buildPhases = (
				C83B95B126279A8A0020F263 /* Sources */,
				C83B95B226279A8A0020F263 /* Frameworks */,
				C83B95B326279A8A0020F263 /* Resources */,
			);
			buildRules = (
			);
			dependencies = (
				C83B95B726279A8A0020F263 /* PBXTargetDependency */,
			);
			name = RickAndMortyUITests;
			productName = RickAndMortyUITests;
			productReference = C83B95B526279A8A0020F263 /* RickAndMortyUITests.xctest */;
			productType = "com.apple.product-type.bundle.ui-testing";
		};
/* End PBXNativeTarget section */

/* Begin PBXProject section */
		C83B958C26279A870020F263 /* Project object */ = {
			isa = PBXProject;
			attributes = {
				LastSwiftUpdateCheck = 1230;
				LastUpgradeCheck = 1230;
				TargetAttributes = {
					C83B959326279A870020F263 = {
						CreatedOnToolsVersion = 12.3;
					};
					C83B95A926279A8A0020F263 = {
						CreatedOnToolsVersion = 12.3;
						TestTargetID = C83B959326279A870020F263;
					};
					C83B95B426279A8A0020F263 = {
						CreatedOnToolsVersion = 12.3;
						TestTargetID = C83B959326279A870020F263;
					};
				};
			};
			buildConfigurationList = C83B958F26279A870020F263 /* Build configuration list for PBXProject "RickAndMorty" */;
			compatibilityVersion = "Xcode 9.3";
			developmentRegion = en;
			hasScannedForEncodings = 0;
			knownRegions = (
				en,
				Base,
			);
			mainGroup = C83B958B26279A870020F263;
			productRefGroup = C83B959526279A870020F263 /* Products */;
			projectDirPath = "";
			projectRoot = "";
			targets = (
				C83B959326279A870020F263 /* RickAndMorty */,
				C83B95A926279A8A0020F263 /* RickAndMortyTests */,
				C83B95B426279A8A0020F263 /* RickAndMortyUITests */,
			);
		};
/* End PBXProject section */

/* Begin PBXResourcesBuildPhase section */
		C83B959226279A870020F263 /* Resources */ = {
			isa = PBXResourcesBuildPhase;
			buildActionMask = 2147483647;
			files = (
				C83B95A426279A890020F263 /* LaunchScreen.storyboard in Resources */,
				C83B95A126279A890020F263 /* Assets.xcassets in Resources */,
				C83B959F26279A870020F263 /* Main.storyboard in Resources */,
			);
			runOnlyForDeploymentPostprocessing = 0;
		};
		C83B95A826279A8A0020F263 /* Resources */ = {
			isa = PBXResourcesBuildPhase;
			buildActionMask = 2147483647;
			files = (
			);
			runOnlyForDeploymentPostprocessing = 0;
		};
		C83B95B326279A8A0020F263 /* Resources */ = {
			isa = PBXResourcesBuildPhase;
			buildActionMask = 2147483647;
			files = (
			);
			runOnlyForDeploymentPostprocessing = 0;
		};
/* End PBXResourcesBuildPhase section */

/* Begin PBXSourcesBuildPhase section */
		C83B959026279A870020F263 /* Sources */ = {
			isa = PBXSourcesBuildPhase;
			buildActionMask = 2147483647;
			files = (
				C83B959C26279A870020F263 /* ViewController.swift in Sources */,
				C83B959826279A870020F263 /* AppDelegate.swift in Sources */,
				C83B95CE26279FC40020F263 /* API.swift in Sources */,
				C83B959A26279A870020F263 /* SceneDelegate.swift in Sources */,
			);
			runOnlyForDeploymentPostprocessing = 0;
		};
		C83B95A626279A8A0020F263 /* Sources */ = {
			isa = PBXSourcesBuildPhase;
			buildActionMask = 2147483647;
			files = (
				C83B95AF26279A8A0020F263 /* RickAndMortyTests.swift in Sources */,
			);
			runOnlyForDeploymentPostprocessing = 0;
		};
		C83B95B126279A8A0020F263 /* Sources */ = {
			isa = PBXSourcesBuildPhase;
			buildActionMask = 2147483647;
			files = (
				C83B95BA26279A8A0020F263 /* RickAndMortyUITests.swift in Sources */,
			);
			runOnlyForDeploymentPostprocessing = 0;
		};
/* End PBXSourcesBuildPhase section */

/* Begin PBXTargetDependency section */
		C83B95AC26279A8A0020F263 /* PBXTargetDependency */ = {
			isa = PBXTargetDependency;
			target = C83B959326279A870020F263 /* RickAndMorty */;
			targetProxy = C83B95AB26279A8A0020F263 /* PBXContainerItemProxy */;
		};
		C83B95B726279A8A0020F263 /* PBXTargetDependency */ = {
			isa = PBXTargetDependency;
			target = C83B959326279A870020F263 /* RickAndMorty */;
			targetProxy = C83B95B626279A8A0020F263 /* PBXContainerItemProxy */;
		};
/* End PBXTargetDependency section */

/* Begin PBXVariantGroup section */
		C83B959D26279A870020F263 /* Main.storyboard */ = {
			isa = PBXVariantGroup;
			children = (
				C83B959E26279A870020F263 /* Base */,
			);
			name = Main.storyboard;
			sourceTree = "<group>";
		};
		C83B95A226279A890020F263 /* LaunchScreen.storyboard */ = {
			isa = PBXVariantGroup;
			children = (
				C83B95A326279A890020F263 /* Base */,
			);
			name = LaunchScreen.storyboard;
			sourceTree = "<group>";
		};
/* End PBXVariantGroup section */

/* Begin XCBuildConfiguration section */
		C83B95BC26279A8A0020F263 /* Debug */ = {
			isa = XCBuildConfiguration;
			buildSettings = {
				ALWAYS_SEARCH_USER_PATHS = NO;
				CLANG_ANALYZER_NONNULL = YES;
				CLANG_ANALYZER_NUMBER_OBJECT_CONVERSION = YES_AGGRESSIVE;
				CLANG_CXX_LANGUAGE_STANDARD = "gnu++14";
				CLANG_CXX_LIBRARY = "libc++";
				CLANG_ENABLE_MODULES = YES;
				CLANG_ENABLE_OBJC_ARC = YES;
				CLANG_ENABLE_OBJC_WEAK = YES;
				CLANG_WARN_BLOCK_CAPTURE_AUTORELEASING = YES;
				CLANG_WARN_BOOL_CONVERSION = YES;
				CLANG_WARN_COMMA = YES;
				CLANG_WARN_CONSTANT_CONVERSION = YES;
				CLANG_WARN_DEPRECATED_OBJC_IMPLEMENTATIONS = YES;
				CLANG_WARN_DIRECT_OBJC_ISA_USAGE = YES_ERROR;
				CLANG_WARN_DOCUMENTATION_COMMENTS = YES;
				CLANG_WARN_EMPTY_BODY = YES;
				CLANG_WARN_ENUM_CONVERSION = YES;
				CLANG_WARN_INFINITE_RECURSION = YES;
				CLANG_WARN_INT_CONVERSION = YES;
				CLANG_WARN_NON_LITERAL_NULL_CONVERSION = YES;
				CLANG_WARN_OBJC_IMPLICIT_RETAIN_SELF = YES;
				CLANG_WARN_OBJC_LITERAL_CONVERSION = YES;
				CLANG_WARN_OBJC_ROOT_CLASS = YES_ERROR;
				CLANG_WARN_QUOTED_INCLUDE_IN_FRAMEWORK_HEADER = YES;
				CLANG_WARN_RANGE_LOOP_ANALYSIS = YES;
				CLANG_WARN_STRICT_PROTOTYPES = YES;
				CLANG_WARN_SUSPICIOUS_MOVE = YES;
				CLANG_WARN_UNGUARDED_AVAILABILITY = YES_AGGRESSIVE;
				CLANG_WARN_UNREACHABLE_CODE = YES;
				CLANG_WARN__DUPLICATE_METHOD_MATCH = YES;
				COPY_PHASE_STRIP = NO;
				DEBUG_INFORMATION_FORMAT = dwarf;
				ENABLE_STRICT_OBJC_MSGSEND = YES;
				ENABLE_TESTABILITY = YES;
				GCC_C_LANGUAGE_STANDARD = gnu11;
				GCC_DYNAMIC_NO_PIC = NO;
				GCC_NO_COMMON_BLOCKS = YES;
				GCC_OPTIMIZATION_LEVEL = 0;
				GCC_PREPROCESSOR_DEFINITIONS = (
					"DEBUG=1",
					"$(inherited)",
				);
				GCC_WARN_64_TO_32_BIT_CONVERSION = YES;
				GCC_WARN_ABOUT_RETURN_TYPE = YES_ERROR;
				GCC_WARN_UNDECLARED_SELECTOR = YES;
				GCC_WARN_UNINITIALIZED_AUTOS = YES_AGGRESSIVE;
				GCC_WARN_UNUSED_FUNCTION = YES;
				GCC_WARN_UNUSED_VARIABLE = YES;
				IPHONEOS_DEPLOYMENT_TARGET = 14.3;
				MTL_ENABLE_DEBUG_INFO = INCLUDE_SOURCE;
				MTL_FAST_MATH = YES;
				ONLY_ACTIVE_ARCH = YES;
				SDKROOT = iphoneos;
				SWIFT_ACTIVE_COMPILATION_CONDITIONS = DEBUG;
				SWIFT_OPTIMIZATION_LEVEL = "-Onone";
			};
			name = Debug;
		};
		C83B95BD26279A8A0020F263 /* Release */ = {
			isa = XCBuildConfiguration;
			buildSettings = {
				ALWAYS_SEARCH_USER_PATHS = NO;
				CLANG_ANALYZER_NONNULL = YES;
				CLANG_ANALYZER_NUMBER_OBJECT_CONVERSION = YES_AGGRESSIVE;
				CLANG_CXX_LANGUAGE_STANDARD = "gnu++14";
				CLANG_CXX_LIBRARY = "libc++";
				CLANG_ENABLE_MODULES = YES;
				CLANG_ENABLE_OBJC_ARC = YES;
				CLANG_ENABLE_OBJC_WEAK = YES;
				CLANG_WARN_BLOCK_CAPTURE_AUTORELEASING = YES;
				CLANG_WARN_BOOL_CONVERSION = YES;
				CLANG_WARN_COMMA = YES;
				CLANG_WARN_CONSTANT_CONVERSION = YES;
				CLANG_WARN_DEPRECATED_OBJC_IMPLEMENTATIONS = YES;
				CLANG_WARN_DIRECT_OBJC_ISA_USAGE = YES_ERROR;
				CLANG_WARN_DOCUMENTATION_COMMENTS = YES;
				CLANG_WARN_EMPTY_BODY = YES;
				CLANG_WARN_ENUM_CONVERSION = YES;
				CLANG_WARN_INFINITE_RECURSION = YES;
				CLANG_WARN_INT_CONVERSION = YES;
				CLANG_WARN_NON_LITERAL_NULL_CONVERSION = YES;
				CLANG_WARN_OBJC_IMPLICIT_RETAIN_SELF = YES;
				CLANG_WARN_OBJC_LITERAL_CONVERSION = YES;
				CLANG_WARN_OBJC_ROOT_CLASS = YES_ERROR;
				CLANG_WARN_QUOTED_INCLUDE_IN_FRAMEWORK_HEADER = YES;
				CLANG_WARN_RANGE_LOOP_ANALYSIS = YES;
				CLANG_WARN_STRICT_PROTOTYPES = YES;
				CLANG_WARN_SUSPICIOUS_MOVE = YES;
				CLANG_WARN_UNGUARDED_AVAILABILITY = YES_AGGRESSIVE;
				CLANG_WARN_UNREACHABLE_CODE = YES;
				CLANG_WARN__DUPLICATE_METHOD_MATCH = YES;
				COPY_PHASE_STRIP = NO;
				DEBUG_INFORMATION_FORMAT = "dwarf-with-dsym";
				ENABLE_NS_ASSERTIONS = NO;
				ENABLE_STRICT_OBJC_MSGSEND = YES;
				GCC_C_LANGUAGE_STANDARD = gnu11;
				GCC_NO_COMMON_BLOCKS = YES;
				GCC_WARN_64_TO_32_BIT_CONVERSION = YES;
				GCC_WARN_ABOUT_RETURN_TYPE = YES_ERROR;
				GCC_WARN_UNDECLARED_SELECTOR = YES;
				GCC_WARN_UNINITIALIZED_AUTOS = YES_AGGRESSIVE;
				GCC_WARN_UNUSED_FUNCTION = YES;
				GCC_WARN_UNUSED_VARIABLE = YES;
				IPHONEOS_DEPLOYMENT_TARGET = 14.3;
				MTL_ENABLE_DEBUG_INFO = NO;
				MTL_FAST_MATH = YES;
				SDKROOT = iphoneos;
				SWIFT_COMPILATION_MODE = wholemodule;
				SWIFT_OPTIMIZATION_LEVEL = "-O";
				VALIDATE_PRODUCT = YES;
			};
			name = Release;
		};
		C83B95BF26279A8A0020F263 /* Debug */ = {
			isa = XCBuildConfiguration;
			buildSettings = {
				ASSETCATALOG_COMPILER_APPICON_NAME = AppIcon;
				ASSETCATALOG_COMPILER_GLOBAL_ACCENT_COLOR_NAME = AccentColor;
				CODE_SIGN_STYLE = Automatic;
				INFOPLIST_FILE = RickAndMorty/Info.plist;
				LD_RUNPATH_SEARCH_PATHS = (
					"$(inherited)",
					"@executable_path/Frameworks",
				);
				PRODUCT_BUNDLE_IDENTIFIER = redditInterview.RickAndMorty;
				PRODUCT_NAME = "$(TARGET_NAME)";
				SWIFT_VERSION = 5.0;
				TARGETED_DEVICE_FAMILY = "1,2";
			};
			name = Debug;
		};
		C83B95C026279A8A0020F263 /* Release */ = {
			isa = XCBuildConfiguration;
			buildSettings = {
				ASSETCATALOG_COMPILER_APPICON_NAME = AppIcon;
				ASSETCATALOG_COMPILER_GLOBAL_ACCENT_COLOR_NAME = AccentColor;
				CODE_SIGN_STYLE = Automatic;
				INFOPLIST_FILE = RickAndMorty/Info.plist;
				LD_RUNPATH_SEARCH_PATHS = (
					"$(inherited)",
					"@executable_path/Frameworks",
				);
				PRODUCT_BUNDLE_IDENTIFIER = redditInterview.RickAndMorty;
				PRODUCT_NAME = "$(TARGET_NAME)";
				SWIFT_VERSION = 5.0;
				TARGETED_DEVICE_FAMILY = "1,2";
			};
			name = Release;
		};
		C83B95C226279A8A0020F263 /* Debug */ = {
			isa = XCBuildConfiguration;
			buildSettings = {
				ALWAYS_EMBED_SWIFT_STANDARD_LIBRARIES = YES;
				BUNDLE_LOADER = "$(TEST_HOST)";
				CODE_SIGN_STYLE = Automatic;
				INFOPLIST_FILE = RickAndMortyTests/Info.plist;
				IPHONEOS_DEPLOYMENT_TARGET = 14.3;
				LD_RUNPATH_SEARCH_PATHS = (
					"$(inherited)",
					"@executable_path/Frameworks",
					"@loader_path/Frameworks",
				);
				PRODUCT_BUNDLE_IDENTIFIER = redditInterview.RickAndMortyTests;
				PRODUCT_NAME = "$(TARGET_NAME)";
				SWIFT_VERSION = 5.0;
				TARGETED_DEVICE_FAMILY = "1,2";
				TEST_HOST = "$(BUILT_PRODUCTS_DIR)/RickAndMorty.app/RickAndMorty";
			};
			name = Debug;
		};
		C83B95C326279A8A0020F263 /* Release */ = {
			isa = XCBuildConfiguration;
			buildSettings = {
				ALWAYS_EMBED_SWIFT_STANDARD_LIBRARIES = YES;
				BUNDLE_LOADER = "$(TEST_HOST)";
				CODE_SIGN_STYLE = Automatic;
				INFOPLIST_FILE = RickAndMortyTests/Info.plist;
				IPHONEOS_DEPLOYMENT_TARGET = 14.3;
				LD_RUNPATH_SEARCH_PATHS = (
					"$(inherited)",
					"@executable_path/Frameworks",
					"@loader_path/Frameworks",
				);
				PRODUCT_BUNDLE_IDENTIFIER = redditInterview.RickAndMortyTests;
				PRODUCT_NAME = "$(TARGET_NAME)";
				SWIFT_VERSION = 5.0;
				TARGETED_DEVICE_FAMILY = "1,2";
				TEST_HOST = "$(BUILT_PRODUCTS_DIR)/RickAndMorty.app/RickAndMorty";
			};
			name = Release;
		};
		C83B95C526279A8A0020F263 /* Debug */ = {
			isa = XCBuildConfiguration;
			buildSettings = {
				ALWAYS_EMBED_SWIFT_STANDARD_LIBRARIES = YES;
				CODE_SIGN_STYLE = Automatic;
				INFOPLIST_FILE = RickAndMortyUITests/Info.plist;
				LD_RUNPATH_SEARCH_PATHS = (
					"$(inherited)",
					"@executable_path/Frameworks",
					"@loader_path/Frameworks",
				);
				PRODUCT_BUNDLE_IDENTIFIER = redditInterview.RickAndMortyUITests;
				PRODUCT_NAME = "$(TARGET_NAME)";
				SWIFT_VERSION = 5.0;
				TARGETED_DEVICE_FAMILY = "1,2";
				TEST_TARGET_NAME = RickAndMorty;
			};
			name = Debug;
		};
		C83B95C626279A8A0020F263 /* Release */ = {
			isa = XCBuildConfiguration;
			buildSettings = {
				ALWAYS_EMBED_SWIFT_STANDARD_LIBRARIES = YES;
				CODE_SIGN_STYLE = Automatic;
				INFOPLIST_FILE = RickAndMortyUITests/Info.plist;
				LD_RUNPATH_SEARCH_PATHS = (
					"$(inherited)",
					"@executable_path/Frameworks",
					"@loader_path/Frameworks",
				);
				PRODUCT_BUNDLE_IDENTIFIER = redditInterview.RickAndMortyUITests;
				PRODUCT_NAME = "$(TARGET_NAME)";
				SWIFT_VERSION = 5.0;
				TARGETED_DEVICE_FAMILY = "1,2";
				TEST_TARGET_NAME = RickAndMorty;
			};
			name = Release;
		};
/* End XCBuildConfiguration section */

/* Begin XCConfigurationList section */
		C83B958F26279A870020F263 /* Build configuration list for PBXProject "RickAndMorty" */ = {
			isa = XCConfigurationList;
			buildConfigurations = (
				C83B95BC26279A8A0020F263 /* Debug */,
				C83B95BD26279A8A0020F263 /* Release */,
			);
			defaultConfigurationIsVisible = 0;
			defaultConfigurationName = Release;
		};
		C83B95BE26279A8A0020F263 /* Build configuration list for PBXNativeTarget "RickAndMorty" */ = {
			isa = XCConfigurationList;
			buildConfigurations = (
				C83B95BF26279A8A0020F263 /* Debug */,
				C83B95C026279A8A0020F263 /* Release */,
			);
			defaultConfigurationIsVisible = 0;
			defaultConfigurationName = Release;
		};
		C83B95C126279A8A0020F263 /* Build configuration list for PBXNativeTarget "RickAndMortyTests" */ = {
			isa = XCConfigurationList;
			buildConfigurations = (
				C83B95C226279A8A0020F263 /* Debug */,
				C83B95C326279A8A0020F263 /* Release */,
			);
			defaultConfigurationIsVisible = 0;
			defaultConfigurationName = Release;
		};
		C83B95C426279A8A0020F263 /* Build configuration list for PBXNativeTarget "RickAndMortyUITests" */ = {
			isa = XCConfigurationList;
			buildConfigurations = (
				C83B95C526279A8A0020F263 /* Debug */,
				C83B95C626279A8A0020F263 /* Release */,
			);
			defaultConfigurationIsVisible = 0;
			defaultConfigurationName = Release;
		};
/* End XCConfigurationList section */
	};
	rootObject = C83B958C26279A870020F263 /* Project object */;
}
